// !$*UTF8*$!
{
	archiveVersion = 1;
	classes = {
	};
	objectVersion = 56;
	objects = {

/* Begin PBXBuildFile section */
		CA4AAF1129801B920070469F /* AppDelegate.swift in Sources */ = {isa = PBXBuildFile; fileRef = CA4AAF1029801B920070469F /* AppDelegate.swift */; };
		CA4AAF1329801B920070469F /* SceneDelegate.swift in Sources */ = {isa = PBXBuildFile; fileRef = CA4AAF1229801B920070469F /* SceneDelegate.swift */; };
		CA4AAF1529801B920070469F /* RMTabBarController.swift in Sources */ = {isa = PBXBuildFile; fileRef = CA4AAF1429801B920070469F /* RMTabBarController.swift */; };
		CA4AAF1A29801B950070469F /* Assets.xcassets in Resources */ = {isa = PBXBuildFile; fileRef = CA4AAF1929801B950070469F /* Assets.xcassets */; };
		CA4AAF1D29801B950070469F /* LaunchScreen.storyboard in Resources */ = {isa = PBXBuildFile; fileRef = CA4AAF1B29801B950070469F /* LaunchScreen.storyboard */; };
		CA4AAF2C29801DBB0070469F /* RMLocation.swift in Sources */ = {isa = PBXBuildFile; fileRef = CA4AAF2B29801DBB0070469F /* RMLocation.swift */; };
		CA4AAF2E29801DCB0070469F /* RMCharacter.swift in Sources */ = {isa = PBXBuildFile; fileRef = CA4AAF2D29801DCB0070469F /* RMCharacter.swift */; };
		CA4AAF3029801DDB0070469F /* RMEpisode.swift in Sources */ = {isa = PBXBuildFile; fileRef = CA4AAF2F29801DDB0070469F /* RMEpisode.swift */; };
		CA4AAF3329801E500070469F /* RMCharacterViewController.swift in Sources */ = {isa = PBXBuildFile; fileRef = CA4AAF3229801E500070469F /* RMCharacterViewController.swift */; };
		CA4AAF3529801E7E0070469F /* RMLocationViewController.swift in Sources */ = {isa = PBXBuildFile; fileRef = CA4AAF3429801E7E0070469F /* RMLocationViewController.swift */; };
		CA4AAF3729801E8A0070469F /* RMEpisodeViewController.swift in Sources */ = {isa = PBXBuildFile; fileRef = CA4AAF3629801E8A0070469F /* RMEpisodeViewController.swift */; };
		CA4AAF3929801E950070469F /* RMSettingsViewController.swift in Sources */ = {isa = PBXBuildFile; fileRef = CA4AAF3829801E950070469F /* RMSettingsViewController.swift */; };
		CA4AAF3B29802E620070469F /* RMService.swift in Sources */ = {isa = PBXBuildFile; fileRef = CA4AAF3A29802E620070469F /* RMService.swift */; };
		CA4AAF3D29802E720070469F /* RMRequest.swift in Sources */ = {isa = PBXBuildFile; fileRef = CA4AAF3C29802E720070469F /* RMRequest.swift */; };
		CA4AAF3F29802F1B0070469F /* RMEndPoint.swift in Sources */ = {isa = PBXBuildFile; fileRef = CA4AAF3E29802F1B0070469F /* RMEndPoint.swift */; };
		CA5FCA0B298951C3001A5318 /* RMCharacterListViewViewModel.swift in Sources */ = {isa = PBXBuildFile; fileRef = CA5FCA0A298951C3001A5318 /* RMCharacterListViewViewModel.swift */; };
		CA5FCA0D29895215001A5318 /* RMCharacterListView.swift in Sources */ = {isa = PBXBuildFile; fileRef = CA5FCA0C29895215001A5318 /* RMCharacterListView.swift */; };
		CA5FCA0F2989551F001A5318 /* Extensions.swift in Sources */ = {isa = PBXBuildFile; fileRef = CA5FCA0E2989551F001A5318 /* Extensions.swift */; };
		CA5FCA1129896156001A5318 /* RMCharacterCollectionViewCell.swift in Sources */ = {isa = PBXBuildFile; fileRef = CA5FCA1029896156001A5318 /* RMCharacterCollectionViewCell.swift */; };
		CA5FCA132989627E001A5318 /* RMCharecterCollectionViewCellViewModel.swift in Sources */ = {isa = PBXBuildFile; fileRef = CA5FCA122989627E001A5318 /* RMCharecterCollectionViewCellViewModel.swift */; };
		CA5FCA16298AA015001A5318 /* RMCharacterDetailViewController.swift in Sources */ = {isa = PBXBuildFile; fileRef = CA5FCA15298AA015001A5318 /* RMCharacterDetailViewController.swift */; };
		CA5FCA18298AA091001A5318 /* RMCharacterDetailsView.swift in Sources */ = {isa = PBXBuildFile; fileRef = CA5FCA17298AA091001A5318 /* RMCharacterDetailsView.swift */; };
		CA5FCA1A298AA0AF001A5318 /* RMCharacterDetailsViewViewModel.swift in Sources */ = {isa = PBXBuildFile; fileRef = CA5FCA19298AA0AF001A5318 /* RMCharacterDetailsViewViewModel.swift */; };
		CA5FCA1C298BEB3C001A5318 /* RMFooterLoaderCollectionReusableView.swift in Sources */ = {isa = PBXBuildFile; fileRef = CA5FCA1B298BEB3C001A5318 /* RMFooterLoaderCollectionReusableView.swift */; };
		CA7A58AA29880DFD0010084E /* RMOrigin.swift in Sources */ = {isa = PBXBuildFile; fileRef = CA7A58A929880DFD0010084E /* RMOrigin.swift */; };
		CA7A58AC29880E760010084E /* RMSingleLocation.swift in Sources */ = {isa = PBXBuildFile; fileRef = CA7A58AB29880E760010084E /* RMSingleLocation.swift */; };
		CA7A58AE29880F390010084E /* RMCharacterStatus.swift in Sources */ = {isa = PBXBuildFile; fileRef = CA7A58AD29880F390010084E /* RMCharacterStatus.swift */; };
		CA7A58B029880F6C0010084E /* RMCharachterGender.swift in Sources */ = {isa = PBXBuildFile; fileRef = CA7A58AF29880F6C0010084E /* RMCharachterGender.swift */; };
		CA7A58B429881F960010084E /* RMGetCharactersResponse.swift in Sources */ = {isa = PBXBuildFile; fileRef = CA7A58B329881F960010084E /* RMGetCharactersResponse.swift */; };
/* End PBXBuildFile section */

/* Begin PBXFileReference section */
		CA4AAF0D29801B920070469F /* RickAndMorty.app */ = {isa = PBXFileReference; explicitFileType = wrapper.application; includeInIndex = 0; path = RickAndMorty.app; sourceTree = BUILT_PRODUCTS_DIR; };
		CA4AAF1029801B920070469F /* AppDelegate.swift */ = {isa = PBXFileReference; lastKnownFileType = sourcecode.swift; path = AppDelegate.swift; sourceTree = "<group>"; };
		CA4AAF1229801B920070469F /* SceneDelegate.swift */ = {isa = PBXFileReference; lastKnownFileType = sourcecode.swift; path = SceneDelegate.swift; sourceTree = "<group>"; };
		CA4AAF1429801B920070469F /* RMTabBarController.swift */ = {isa = PBXFileReference; lastKnownFileType = sourcecode.swift; path = RMTabBarController.swift; sourceTree = "<group>"; };
		CA4AAF1929801B950070469F /* Assets.xcassets */ = {isa = PBXFileReference; lastKnownFileType = folder.assetcatalog; path = Assets.xcassets; sourceTree = "<group>"; };
		CA4AAF1C29801B950070469F /* Base */ = {isa = PBXFileReference; lastKnownFileType = file.storyboard; name = Base; path = Base.lproj/LaunchScreen.storyboard; sourceTree = "<group>"; };
		CA4AAF1E29801B950070469F /* Info.plist */ = {isa = PBXFileReference; lastKnownFileType = text.plist.xml; path = Info.plist; sourceTree = "<group>"; };
		CA4AAF2B29801DBB0070469F /* RMLocation.swift */ = {isa = PBXFileReference; lastKnownFileType = sourcecode.swift; path = RMLocation.swift; sourceTree = "<group>"; };
		CA4AAF2D29801DCB0070469F /* RMCharacter.swift */ = {isa = PBXFileReference; lastKnownFileType = sourcecode.swift; path = RMCharacter.swift; sourceTree = "<group>"; };
		CA4AAF2F29801DDB0070469F /* RMEpisode.swift */ = {isa = PBXFileReference; lastKnownFileType = sourcecode.swift; path = RMEpisode.swift; sourceTree = "<group>"; };
		CA4AAF3229801E500070469F /* RMCharacterViewController.swift */ = {isa = PBXFileReference; lastKnownFileType = sourcecode.swift; path = RMCharacterViewController.swift; sourceTree = "<group>"; };
		CA4AAF3429801E7E0070469F /* RMLocationViewController.swift */ = {isa = PBXFileReference; lastKnownFileType = sourcecode.swift; path = RMLocationViewController.swift; sourceTree = "<group>"; };
		CA4AAF3629801E8A0070469F /* RMEpisodeViewController.swift */ = {isa = PBXFileReference; lastKnownFileType = sourcecode.swift; path = RMEpisodeViewController.swift; sourceTree = "<group>"; };
		CA4AAF3829801E950070469F /* RMSettingsViewController.swift */ = {isa = PBXFileReference; lastKnownFileType = sourcecode.swift; path = RMSettingsViewController.swift; sourceTree = "<group>"; };
		CA4AAF3A29802E620070469F /* RMService.swift */ = {isa = PBXFileReference; lastKnownFileType = sourcecode.swift; path = RMService.swift; sourceTree = "<group>"; };
		CA4AAF3C29802E720070469F /* RMRequest.swift */ = {isa = PBXFileReference; lastKnownFileType = sourcecode.swift; path = RMRequest.swift; sourceTree = "<group>"; };
		CA4AAF3E29802F1B0070469F /* RMEndPoint.swift */ = {isa = PBXFileReference; lastKnownFileType = sourcecode.swift; path = RMEndPoint.swift; sourceTree = "<group>"; };
		CA5FCA0A298951C3001A5318 /* RMCharacterListViewViewModel.swift */ = {isa = PBXFileReference; lastKnownFileType = sourcecode.swift; path = RMCharacterListViewViewModel.swift; sourceTree = "<group>"; };
		CA5FCA0C29895215001A5318 /* RMCharacterListView.swift */ = {isa = PBXFileReference; lastKnownFileType = sourcecode.swift; path = RMCharacterListView.swift; sourceTree = "<group>"; };
		CA5FCA0E2989551F001A5318 /* Extensions.swift */ = {isa = PBXFileReference; lastKnownFileType = sourcecode.swift; path = Extensions.swift; sourceTree = "<group>"; };
		CA5FCA1029896156001A5318 /* RMCharacterCollectionViewCell.swift */ = {isa = PBXFileReference; lastKnownFileType = sourcecode.swift; path = RMCharacterCollectionViewCell.swift; sourceTree = "<group>"; };
		CA5FCA122989627E001A5318 /* RMCharecterCollectionViewCellViewModel.swift */ = {isa = PBXFileReference; lastKnownFileType = sourcecode.swift; path = RMCharecterCollectionViewCellViewModel.swift; sourceTree = "<group>"; };
		CA5FCA15298AA015001A5318 /* RMCharacterDetailViewController.swift */ = {isa = PBXFileReference; lastKnownFileType = sourcecode.swift; path = RMCharacterDetailViewController.swift; sourceTree = "<group>"; };
		CA5FCA17298AA091001A5318 /* RMCharacterDetailsView.swift */ = {isa = PBXFileReference; lastKnownFileType = sourcecode.swift; path = RMCharacterDetailsView.swift; sourceTree = "<group>"; };
		CA5FCA19298AA0AF001A5318 /* RMCharacterDetailsViewViewModel.swift */ = {isa = PBXFileReference; lastKnownFileType = sourcecode.swift; path = RMCharacterDetailsViewViewModel.swift; sourceTree = "<group>"; };
		CA5FCA1B298BEB3C001A5318 /* RMFooterLoaderCollectionReusableView.swift */ = {isa = PBXFileReference; lastKnownFileType = sourcecode.swift; path = RMFooterLoaderCollectionReusableView.swift; sourceTree = "<group>"; };
		CA7A58A929880DFD0010084E /* RMOrigin.swift */ = {isa = PBXFileReference; lastKnownFileType = sourcecode.swift; path = RMOrigin.swift; sourceTree = "<group>"; };
		CA7A58AB29880E760010084E /* RMSingleLocation.swift */ = {isa = PBXFileReference; lastKnownFileType = sourcecode.swift; path = RMSingleLocation.swift; sourceTree = "<group>"; };
		CA7A58AD29880F390010084E /* RMCharacterStatus.swift */ = {isa = PBXFileReference; lastKnownFileType = sourcecode.swift; path = RMCharacterStatus.swift; sourceTree = "<group>"; };
		CA7A58AF29880F6C0010084E /* RMCharachterGender.swift */ = {isa = PBXFileReference; lastKnownFileType = sourcecode.swift; path = RMCharachterGender.swift; sourceTree = "<group>"; };
		CA7A58B329881F960010084E /* RMGetCharactersResponse.swift */ = {isa = PBXFileReference; lastKnownFileType = sourcecode.swift; path = RMGetCharactersResponse.swift; sourceTree = "<group>"; };
/* End PBXFileReference section */

/* Begin PBXFrameworksBuildPhase section */
		CA4AAF0A29801B920070469F /* Frameworks */ = {
			isa = PBXFrameworksBuildPhase;
			buildActionMask = 2147483647;
			files = (
			);
			runOnlyForDeploymentPostprocessing = 0;
		};
/* End PBXFrameworksBuildPhase section */

/* Begin PBXGroup section */
		CA4AAF0429801B920070469F = {
			isa = PBXGroup;
			children = (
				CA4AAF0F29801B920070469F /* RickAndMorty */,
				CA4AAF0E29801B920070469F /* Products */,
			);
			sourceTree = "<group>";
		};
		CA4AAF0E29801B920070469F /* Products */ = {
			isa = PBXGroup;
			children = (
				CA4AAF0D29801B920070469F /* RickAndMorty.app */,
			);
			name = Products;
			sourceTree = "<group>";
		};
		CA4AAF0F29801B920070469F /* RickAndMorty */ = {
			isa = PBXGroup;
			children = (
				CA4AAF2A29801D490070469F /* Resourcers */,
				CA4AAF2929801D3E0070469F /* Managers */,
				CA4AAF2829801D2B0070469F /* APIClients */,
				CA4AAF2729801D170070469F /* ViewModels */,
				CA4AAF2629801D100070469F /* Views */,
				CA4AAF2529801D040070469F /* Models */,
				CA4AAF2429801CEB0070469F /* Controllers */,
				CA4AAF1E29801B950070469F /* Info.plist */,
			);
			path = RickAndMorty;
			sourceTree = "<group>";
		};
		CA4AAF2429801CEB0070469F /* Controllers */ = {
			isa = PBXGroup;
			children = (
				CA5FCA14298A9FEC001A5318 /* Oter */,
				CA4AAF3129801E210070469F /* Core */,
			);
			path = Controllers;
			sourceTree = "<group>";
		};
		CA4AAF2529801D040070469F /* Models */ = {
			isa = PBXGroup;
			children = (
				CA7A58B229881F730010084E /* ResponseTypes */,
				CA7A58B129881F660010084E /* DataTypes */,
			);
			path = Models;
			sourceTree = "<group>";
		};
		CA4AAF2629801D100070469F /* Views */ = {
			isa = PBXGroup;
			children = (
				CA5FCA0C29895215001A5318 /* RMCharacterListView.swift */,
				CA5FCA1029896156001A5318 /* RMCharacterCollectionViewCell.swift */,
				CA5FCA17298AA091001A5318 /* RMCharacterDetailsView.swift */,
				CA5FCA1B298BEB3C001A5318 /* RMFooterLoaderCollectionReusableView.swift */,
			);
			path = Views;
			sourceTree = "<group>";
		};
		CA4AAF2729801D170070469F /* ViewModels */ = {
			isa = PBXGroup;
			children = (
				CA5FCA0A298951C3001A5318 /* RMCharacterListViewViewModel.swift */,
				CA5FCA122989627E001A5318 /* RMCharecterCollectionViewCellViewModel.swift */,
				CA5FCA19298AA0AF001A5318 /* RMCharacterDetailsViewViewModel.swift */,
			);
			path = ViewModels;
			sourceTree = "<group>";
		};
		CA4AAF2829801D2B0070469F /* APIClients */ = {
			isa = PBXGroup;
			children = (
				CA4AAF3A29802E620070469F /* RMService.swift */,
				CA4AAF3C29802E720070469F /* RMRequest.swift */,
				CA4AAF3E29802F1B0070469F /* RMEndPoint.swift */,
			);
			path = APIClients;
			sourceTree = "<group>";
		};
		CA4AAF2929801D3E0070469F /* Managers */ = {
			isa = PBXGroup;
			children = (
			);
			path = Managers;
			sourceTree = "<group>";
		};
		CA4AAF2A29801D490070469F /* Resourcers */ = {
			isa = PBXGroup;
			children = (
				CA4AAF1029801B920070469F /* AppDelegate.swift */,
				CA4AAF1229801B920070469F /* SceneDelegate.swift */,
				CA4AAF1929801B950070469F /* Assets.xcassets */,
				CA4AAF1B29801B950070469F /* LaunchScreen.storyboard */,
				CA5FCA0E2989551F001A5318 /* Extensions.swift */,
			);
			path = Resourcers;
			sourceTree = "<group>";
		};
		CA4AAF3129801E210070469F /* Core */ = {
			isa = PBXGroup;
			children = (
				CA4AAF1429801B920070469F /* RMTabBarController.swift */,
				CA4AAF3229801E500070469F /* RMCharacterViewController.swift */,
				CA4AAF3429801E7E0070469F /* RMLocationViewController.swift */,
				CA4AAF3629801E8A0070469F /* RMEpisodeViewController.swift */,
				CA4AAF3829801E950070469F /* RMSettingsViewController.swift */,
			);
			path = Core;
			sourceTree = "<group>";
		};
		CA5FCA14298A9FEC001A5318 /* Oter */ = {
			isa = PBXGroup;
			children = (
				CA5FCA15298AA015001A5318 /* RMCharacterDetailViewController.swift */,
			);
			path = Oter;
			sourceTree = "<group>";
		};
		CA7A58B129881F660010084E /* DataTypes */ = {
			isa = PBXGroup;
			children = (
				CA4AAF2B29801DBB0070469F /* RMLocation.swift */,
				CA4AAF2D29801DCB0070469F /* RMCharacter.swift */,
				CA4AAF2F29801DDB0070469F /* RMEpisode.swift */,
				CA7A58A929880DFD0010084E /* RMOrigin.swift */,
				CA7A58AB29880E760010084E /* RMSingleLocation.swift */,
				CA7A58AD29880F390010084E /* RMCharacterStatus.swift */,
				CA7A58AF29880F6C0010084E /* RMCharachterGender.swift */,
			);
			path = DataTypes;
			sourceTree = "<group>";
		};
		CA7A58B229881F730010084E /* ResponseTypes */ = {
			isa = PBXGroup;
			children = (
				CA7A58B329881F960010084E /* RMGetCharactersResponse.swift */,
			);
			path = ResponseTypes;
			sourceTree = "<group>";
		};
/* End PBXGroup section */

/* Begin PBXNativeTarget section */
		CA4AAF0C29801B920070469F /* RickAndMorty */ = {
			isa = PBXNativeTarget;
			buildConfigurationList = CA4AAF2129801B950070469F /* Build configuration list for PBXNativeTarget "RickAndMorty" */;
			buildPhases = (
				CA4AAF0929801B920070469F /* Sources */,
				CA4AAF0A29801B920070469F /* Frameworks */,
				CA4AAF0B29801B920070469F /* Resources */,
			);
			buildRules = (
			);
			dependencies = (
			);
			name = RickAndMorty;
			productName = RickAndMorty;
			productReference = CA4AAF0D29801B920070469F /* RickAndMorty.app */;
			productType = "com.apple.product-type.application";
		};
/* End PBXNativeTarget section */

/* Begin PBXProject section */
		CA4AAF0529801B920070469F /* Project object */ = {
			isa = PBXProject;
			attributes = {
				BuildIndependentTargetsInParallel = 1;
				LastSwiftUpdateCheck = 1420;
				LastUpgradeCheck = 1420;
				TargetAttributes = {
					CA4AAF0C29801B920070469F = {
						CreatedOnToolsVersion = 14.2;
					};
				};
			};
			buildConfigurationList = CA4AAF0829801B920070469F /* Build configuration list for PBXProject "RickAndMorty" */;
			compatibilityVersion = "Xcode 14.0";
			developmentRegion = en;
			hasScannedForEncodings = 0;
			knownRegions = (
				en,
				Base,
			);
			mainGroup = CA4AAF0429801B920070469F;
			productRefGroup = CA4AAF0E29801B920070469F /* Products */;
			projectDirPath = "";
			projectRoot = "";
			targets = (
				CA4AAF0C29801B920070469F /* RickAndMorty */,
			);
		};
/* End PBXProject section */

/* Begin PBXResourcesBuildPhase section */
		CA4AAF0B29801B920070469F /* Resources */ = {
			isa = PBXResourcesBuildPhase;
			buildActionMask = 2147483647;
			files = (
				CA4AAF1D29801B950070469F /* LaunchScreen.storyboard in Resources */,
				CA4AAF1A29801B950070469F /* Assets.xcassets in Resources */,
			);
			runOnlyForDeploymentPostprocessing = 0;
		};
/* End PBXResourcesBuildPhase section */

/* Begin PBXSourcesBuildPhase section */
		CA4AAF0929801B920070469F /* Sources */ = {
			isa = PBXSourcesBuildPhase;
			buildActionMask = 2147483647;
			files = (
				CA7A58B429881F960010084E /* RMGetCharactersResponse.swift in Sources */,
				CA7A58AA29880DFD0010084E /* RMOrigin.swift in Sources */,
				CA5FCA0D29895215001A5318 /* RMCharacterListView.swift in Sources */,
				CA5FCA1C298BEB3C001A5318 /* RMFooterLoaderCollectionReusableView.swift in Sources */,
				CA7A58AC29880E760010084E /* RMSingleLocation.swift in Sources */,
				CA5FCA18298AA091001A5318 /* RMCharacterDetailsView.swift in Sources */,
				CA7A58AE29880F390010084E /* RMCharacterStatus.swift in Sources */,
				CA4AAF3529801E7E0070469F /* RMLocationViewController.swift in Sources */,
				CA5FCA16298AA015001A5318 /* RMCharacterDetailViewController.swift in Sources */,
				CA4AAF3029801DDB0070469F /* RMEpisode.swift in Sources */,
				CA4AAF1529801B920070469F /* RMTabBarController.swift in Sources */,
				CA4AAF3729801E8A0070469F /* RMEpisodeViewController.swift in Sources */,
				CA5FCA1A298AA0AF001A5318 /* RMCharacterDetailsViewViewModel.swift in Sources */,
				CA5FCA1129896156001A5318 /* RMCharacterCollectionViewCell.swift in Sources */,
				CA4AAF1129801B920070469F /* AppDelegate.swift in Sources */,
				CA4AAF1329801B920070469F /* SceneDelegate.swift in Sources */,
				CA5FCA132989627E001A5318 /* RMCharecterCollectionViewCellViewModel.swift in Sources */,
				CA4AAF3929801E950070469F /* RMSettingsViewController.swift in Sources */,
				CA4AAF3F29802F1B0070469F /* RMEndPoint.swift in Sources */,
				CA5FCA0F2989551F001A5318 /* Extensions.swift in Sources */,
				CA4AAF3B29802E620070469F /* RMService.swift in Sources */,
				CA4AAF2C29801DBB0070469F /* RMLocation.swift in Sources */,
				CA4AAF2E29801DCB0070469F /* RMCharacter.swift in Sources */,
				CA4AAF3D29802E720070469F /* RMRequest.swift in Sources */,
				CA7A58B029880F6C0010084E /* RMCharachterGender.swift in Sources */,
				CA5FCA0B298951C3001A5318 /* RMCharacterListViewViewModel.swift in Sources */,
				CA4AAF3329801E500070469F /* RMCharacterViewController.swift in Sources */,
			);
			runOnlyForDeploymentPostprocessing = 0;
		};
/* End PBXSourcesBuildPhase section */

/* Begin PBXVariantGroup section */
		CA4AAF1B29801B950070469F /* LaunchScreen.storyboard */ = {
			isa = PBXVariantGroup;
			children = (
				CA4AAF1C29801B950070469F /* Base */,
			);
			name = LaunchScreen.storyboard;
			sourceTree = "<group>";
		};
/* End PBXVariantGroup section */

/* Begin XCBuildConfiguration section */
		CA4AAF1F29801B950070469F /* Debug */ = {
			isa = XCBuildConfiguration;
			buildSettings = {
				ALWAYS_SEARCH_USER_PATHS = NO;
				CLANG_ANALYZER_NONNULL = YES;
				CLANG_ANALYZER_NUMBER_OBJECT_CONVERSION = YES_AGGRESSIVE;
				CLANG_CXX_LANGUAGE_STANDARD = "gnu++20";
				CLANG_ENABLE_MODULES = YES;
				CLANG_ENABLE_OBJC_ARC = YES;
				CLANG_ENABLE_OBJC_WEAK = YES;
				CLANG_WARN_BLOCK_CAPTURE_AUTORELEASING = YES;
				CLANG_WARN_BOOL_CONVERSION = YES;
				CLANG_WARN_COMMA = YES;
				CLANG_WARN_CONSTANT_CONVERSION = YES;
				CLANG_WARN_DEPRECATED_OBJC_IMPLEMENTATIONS = YES;
				CLANG_WARN_DIRECT_OBJC_ISA_USAGE = YES_ERROR;
				CLANG_WARN_DOCUMENTATION_COMMENTS = YES;
				CLANG_WARN_EMPTY_BODY = YES;
				CLANG_WARN_ENUM_CONVERSION = YES;
				CLANG_WARN_INFINITE_RECURSION = YES;
				CLANG_WARN_INT_CONVERSION = YES;
				CLANG_WARN_NON_LITERAL_NULL_CONVERSION = YES;
				CLANG_WARN_OBJC_IMPLICIT_RETAIN_SELF = YES;
				CLANG_WARN_OBJC_LITERAL_CONVERSION = YES;
				CLANG_WARN_OBJC_ROOT_CLASS = YES_ERROR;
				CLANG_WARN_QUOTED_INCLUDE_IN_FRAMEWORK_HEADER = YES;
				CLANG_WARN_RANGE_LOOP_ANALYSIS = YES;
				CLANG_WARN_STRICT_PROTOTYPES = YES;
				CLANG_WARN_SUSPICIOUS_MOVE = YES;
				CLANG_WARN_UNGUARDED_AVAILABILITY = YES_AGGRESSIVE;
				CLANG_WARN_UNREACHABLE_CODE = YES;
				CLANG_WARN__DUPLICATE_METHOD_MATCH = YES;
				COPY_PHASE_STRIP = NO;
				DEBUG_INFORMATION_FORMAT = dwarf;
				ENABLE_STRICT_OBJC_MSGSEND = YES;
				ENABLE_TESTABILITY = YES;
				GCC_C_LANGUAGE_STANDARD = gnu11;
				GCC_DYNAMIC_NO_PIC = NO;
				GCC_NO_COMMON_BLOCKS = YES;
				GCC_OPTIMIZATION_LEVEL = 0;
				GCC_PREPROCESSOR_DEFINITIONS = (
					"DEBUG=1",
					"$(inherited)",
				);
				GCC_WARN_64_TO_32_BIT_CONVERSION = YES;
				GCC_WARN_ABOUT_RETURN_TYPE = YES_ERROR;
				GCC_WARN_UNDECLARED_SELECTOR = YES;
				GCC_WARN_UNINITIALIZED_AUTOS = YES_AGGRESSIVE;
				GCC_WARN_UNUSED_FUNCTION = YES;
				GCC_WARN_UNUSED_VARIABLE = YES;
				IPHONEOS_DEPLOYMENT_TARGET = 16.0;
				MTL_ENABLE_DEBUG_INFO = INCLUDE_SOURCE;
				MTL_FAST_MATH = YES;
				ONLY_ACTIVE_ARCH = YES;
				SDKROOT = iphoneos;
				SWIFT_ACTIVE_COMPILATION_CONDITIONS = DEBUG;
				SWIFT_OPTIMIZATION_LEVEL = "-Onone";
			};
			name = Debug;
		};
		CA4AAF2029801B950070469F /* Release */ = {
			isa = XCBuildConfiguration;
			buildSettings = {
				ALWAYS_SEARCH_USER_PATHS = NO;
				CLANG_ANALYZER_NONNULL = YES;
				CLANG_ANALYZER_NUMBER_OBJECT_CONVERSION = YES_AGGRESSIVE;
				CLANG_CXX_LANGUAGE_STANDARD = "gnu++20";
				CLANG_ENABLE_MODULES = YES;
				CLANG_ENABLE_OBJC_ARC = YES;
				CLANG_ENABLE_OBJC_WEAK = YES;
				CLANG_WARN_BLOCK_CAPTURE_AUTORELEASING = YES;
				CLANG_WARN_BOOL_CONVERSION = YES;
				CLANG_WARN_COMMA = YES;
				CLANG_WARN_CONSTANT_CONVERSION = YES;
				CLANG_WARN_DEPRECATED_OBJC_IMPLEMENTATIONS = YES;
				CLANG_WARN_DIRECT_OBJC_ISA_USAGE = YES_ERROR;
				CLANG_WARN_DOCUMENTATION_COMMENTS = YES;
				CLANG_WARN_EMPTY_BODY = YES;
				CLANG_WARN_ENUM_CONVERSION = YES;
				CLANG_WARN_INFINITE_RECURSION = YES;
				CLANG_WARN_INT_CONVERSION = YES;
				CLANG_WARN_NON_LITERAL_NULL_CONVERSION = YES;
				CLANG_WARN_OBJC_IMPLICIT_RETAIN_SELF = YES;
				CLANG_WARN_OBJC_LITERAL_CONVERSION = YES;
				CLANG_WARN_OBJC_ROOT_CLASS = YES_ERROR;
				CLANG_WARN_QUOTED_INCLUDE_IN_FRAMEWORK_HEADER = YES;
				CLANG_WARN_RANGE_LOOP_ANALYSIS = YES;
				CLANG_WARN_STRICT_PROTOTYPES = YES;
				CLANG_WARN_SUSPICIOUS_MOVE = YES;
				CLANG_WARN_UNGUARDED_AVAILABILITY = YES_AGGRESSIVE;
				CLANG_WARN_UNREACHABLE_CODE = YES;
				CLANG_WARN__DUPLICATE_METHOD_MATCH = YES;
				COPY_PHASE_STRIP = NO;
				DEBUG_INFORMATION_FORMAT = "dwarf-with-dsym";
				ENABLE_NS_ASSERTIONS = NO;
				ENABLE_STRICT_OBJC_MSGSEND = YES;
				GCC_C_LANGUAGE_STANDARD = gnu11;
				GCC_NO_COMMON_BLOCKS = YES;
				GCC_WARN_64_TO_32_BIT_CONVERSION = YES;
				GCC_WARN_ABOUT_RETURN_TYPE = YES_ERROR;
				GCC_WARN_UNDECLARED_SELECTOR = YES;
				GCC_WARN_UNINITIALIZED_AUTOS = YES_AGGRESSIVE;
				GCC_WARN_UNUSED_FUNCTION = YES;
				GCC_WARN_UNUSED_VARIABLE = YES;
				IPHONEOS_DEPLOYMENT_TARGET = 16.0;
				MTL_ENABLE_DEBUG_INFO = NO;
				MTL_FAST_MATH = YES;
				SDKROOT = iphoneos;
				SWIFT_COMPILATION_MODE = wholemodule;
				SWIFT_OPTIMIZATION_LEVEL = "-O";
				VALIDATE_PRODUCT = YES;
			};
			name = Release;
		};
		CA4AAF2229801B950070469F /* Debug */ = {
			isa = XCBuildConfiguration;
			buildSettings = {
				ASSETCATALOG_COMPILER_APPICON_NAME = AppIcon;
				ASSETCATALOG_COMPILER_GLOBAL_ACCENT_COLOR_NAME = AccentColor;
				CODE_SIGN_STYLE = Automatic;
				CURRENT_PROJECT_VERSION = 1;
				DEVELOPMENT_TEAM = P9NXMMW4SZ;
				GENERATE_INFOPLIST_FILE = YES;
				INFOPLIST_FILE = RickAndMorty/Info.plist;
				INFOPLIST_KEY_UIApplicationSupportsIndirectInputEvents = YES;
				INFOPLIST_KEY_UILaunchStoryboardName = LaunchScreen;
				INFOPLIST_KEY_UISupportedInterfaceOrientations_iPad = "UIInterfaceOrientationPortrait UIInterfaceOrientationPortraitUpsideDown UIInterfaceOrientationLandscapeLeft UIInterfaceOrientationLandscapeRight";
				INFOPLIST_KEY_UISupportedInterfaceOrientations_iPhone = "UIInterfaceOrientationPortrait UIInterfaceOrientationLandscapeLeft UIInterfaceOrientationLandscapeRight";
				IPHONEOS_DEPLOYMENT_TARGET = 16.0;
				LD_RUNPATH_SEARCH_PATHS = (
					"$(inherited)",
					"@executable_path/Frameworks",
				);
				MARKETING_VERSION = 1.0;
				PRODUCT_BUNDLE_IDENTIFIER = nikitankjg.RickAndMorty;
				PRODUCT_NAME = "$(TARGET_NAME)";
				SWIFT_EMIT_LOC_STRINGS = YES;
				SWIFT_VERSION = 5.0;
				TARGETED_DEVICE_FAMILY = "1,2";
			};
			name = Debug;
		};
		CA4AAF2329801B950070469F /* Release */ = {
			isa = XCBuildConfiguration;
			buildSettings = {
				ASSETCATALOG_COMPILER_APPICON_NAME = AppIcon;
				ASSETCATALOG_COMPILER_GLOBAL_ACCENT_COLOR_NAME = AccentColor;
				CODE_SIGN_STYLE = Automatic;
				CURRENT_PROJECT_VERSION = 1;
				DEVELOPMENT_TEAM = P9NXMMW4SZ;
				GENERATE_INFOPLIST_FILE = YES;
				INFOPLIST_FILE = RickAndMorty/Info.plist;
				INFOPLIST_KEY_UIApplicationSupportsIndirectInputEvents = YES;
				INFOPLIST_KEY_UILaunchStoryboardName = LaunchScreen;
				INFOPLIST_KEY_UISupportedInterfaceOrientations_iPad = "UIInterfaceOrientationPortrait UIInterfaceOrientationPortraitUpsideDown UIInterfaceOrientationLandscapeLeft UIInterfaceOrientationLandscapeRight";
				INFOPLIST_KEY_UISupportedInterfaceOrientations_iPhone = "UIInterfaceOrientationPortrait UIInterfaceOrientationLandscapeLeft UIInterfaceOrientationLandscapeRight";
				IPHONEOS_DEPLOYMENT_TARGET = 16.0;
				LD_RUNPATH_SEARCH_PATHS = (
					"$(inherited)",
					"@executable_path/Frameworks",
				);
				MARKETING_VERSION = 1.0;
				PRODUCT_BUNDLE_IDENTIFIER = nikitankjg.RickAndMorty;
				PRODUCT_NAME = "$(TARGET_NAME)";
				SWIFT_EMIT_LOC_STRINGS = YES;
				SWIFT_VERSION = 5.0;
				TARGETED_DEVICE_FAMILY = "1,2";
			};
			name = Release;
		};
/* End XCBuildConfiguration section */

/* Begin XCConfigurationList section */
		CA4AAF0829801B920070469F /* Build configuration list for PBXProject "RickAndMorty" */ = {
			isa = XCConfigurationList;
			buildConfigurations = (
				CA4AAF1F29801B950070469F /* Debug */,
				CA4AAF2029801B950070469F /* Release */,
			);
			defaultConfigurationIsVisible = 0;
			defaultConfigurationName = Release;
		};
		CA4AAF2129801B950070469F /* Build configuration list for PBXNativeTarget "RickAndMorty" */ = {
			isa = XCConfigurationList;
			buildConfigurations = (
				CA4AAF2229801B950070469F /* Debug */,
				CA4AAF2329801B950070469F /* Release */,
			);
			defaultConfigurationIsVisible = 0;
			defaultConfigurationName = Release;
		};
/* End XCConfigurationList section */
	};
	rootObject = CA4AAF0529801B920070469F /* Project object */;
}
